
Microsoft Visual Studio Solution File, Format Version 12.00
# Visual Studio Version 16
VisualStudioVersion = 16.0.29324.140
MinimumVisualStudioVersion = 10.0.40219.1
Project("{9A19103F-16F7-4668-BE54-9A1E7A4F7556}") = "Util.Extensions", "Util.Extensions\Util.Extensions.csproj", "{3520319C-B348-4AB1-97F0-382BAA4D2572}"
EndProject
Project("{9A19103F-16F7-4668-BE54-9A1E7A4F7556}") = "Util.EntityFrameworkCore.Sqlserver", "Util.EntityFrameworkCore.Sqlserver\Util.EntityFrameworkCore.Sqlserver.csproj", "{F432CF64-65A8-4488-8C74-0E2A3EF06EE3}"
EndProject
Project("{9A19103F-16F7-4668-BE54-9A1E7A4F7556}") = "Util.EntityFrameworkCore", "Util.EntityFrameworkCore\Util.EntityFrameworkCore.csproj", "{5F7C7B48-C9F1-47A8-A489-4F23E70BA10F}"
EndProject
Project("{9A19103F-16F7-4668-BE54-9A1E7A4F7556}") = "Util.Domain", "Util.Domain\Util.Domain.csproj", "{E913DDBC-7B66-4ACA-92DE-4A953EBE9C39}"
EndProject
Project("{9A19103F-16F7-4668-BE54-9A1E7A4F7556}") = "Util.Web", "Util.Web\Util.Web.csproj", "{EB081E20-1295-4A7C-ADD1-7EECA01F6FAB}"
EndProject
Project("{9A19103F-16F7-4668-BE54-9A1E7A4F7556}") = "Util.Json", "Util.Json\Util.Json.csproj", "{D70894A7-1B06-4B4D-8CD5-01E49A031DB1}"
EndProject
Project("{9A19103F-16F7-4668-BE54-9A1E7A4F7556}") = "Util.Application", "Util.Application\Util.Application.csproj", "{C2A926E1-5465-4F41-B633-59757DD5E461}"
EndProject
Project("{9A19103F-16F7-4668-BE54-9A1E7A4F7556}") = "Util.AutoMapper", "Util.AutoMapper\Util.AutoMapper.csproj", "{BD0D20AB-8492-401D-8A95-740D550F44E1}"
EndProject
Project("{9A19103F-16F7-4668-BE54-9A1E7A4F7556}") = "Util.Web.TagHelper", "Util.Web.TagHelper\Util.Web.TagHelper.csproj", "{D4099652-37D8-42F2-AAFE-D032C5B267B1}"
EndProject
Project("{9A19103F-16F7-4668-BE54-9A1E7A4F7556}") = "Util.Web.TagHelper.Easyui", "Util.Web.TagHelper.Easyui\Util.Web.TagHelper.Easyui.csproj", "{4F4C64FA-66F8-4B14-B484-1FB6EEC7BD85}"
EndProject
Project("{9A19103F-16F7-4668-BE54-9A1E7A4F7556}") = "Util.Excel", "Util.Excel\Util.Excel.csproj", "{7BF5185E-469F-493B-8533-B8A0DC1A19C8}"
EndProject
Project("{9A19103F-16F7-4668-BE54-9A1E7A4F7556}") = "Util.Web.TagHelper.Layui", "Util.Web.TagHelper.Layui\Util.Web.TagHelper.Layui.csproj", "{ABF6A041-B490-49C5-9AED-FD51BD64EB30}"
EndProject
Project("{FAE04EC0-301F-11D3-BF4B-00C04F79EFBC}") = "Test", "Test\Test.csproj", "{0B7D95F7-1437-4D87-A0FA-68B25B24C40F}"
EndProject
Project("{9A19103F-16F7-4668-BE54-9A1E7A4F7556}") = "Util.Abp.Doamin", "Util.Abp.Doamin\Util.Abp.Doamin.csproj", "{FE4FDC1E-5DAB-4BE7-8112-82DFE4BFCC55}"
EndProject
Project("{9A19103F-16F7-4668-BE54-9A1E7A4F7556}") = "Util.Abp.Domain.Repositories", "Util.Abp.Domain.Repositories\Util.Abp.Domain.Repositories.csproj", "{F4AC13D2-8BBB-4ABB-8525-491918E89934}"
EndProject
Project("{9A19103F-16F7-4668-BE54-9A1E7A4F7556}") = "Util.IdGenerate", "Util.IdGenerate\Util.IdGenerate.csproj", "{83A1E327-F6B3-4136-907C-24BCC6B0E4CF}"
EndProject
Project("{9A19103F-16F7-4668-BE54-9A1E7A4F7556}") = "Util.EntityFrameworkCore.Function", "Util.EntityFrameworkCore.Function\Util.EntityFrameworkCore.Function.csproj", "{2B51F90C-AF9F-44BA-8A0A-927314299814}"
EndProject
Project("{FAE04EC0-301F-11D3-BF4B-00C04F79EFBC}") = "Util.Web.Mvc", "Util.Web.Mvc\Util.Web.Mvc.csproj", "{5DB02128-46ED-411B-BA6D-7A5A5B3D23BE}"
EndProject
Global
	GlobalSection(SolutionConfigurationPlatforms) = preSolution
		Debug|Any CPU = Debug|Any CPU
		Release|Any CPU = Release|Any CPU
	EndGlobalSection
	GlobalSection(ProjectConfigurationPlatforms) = postSolution
		{3520319C-B348-4AB1-97F0-382BAA4D2572}.Debug|Any CPU.ActiveCfg = Debug|Any CPU
		{3520319C-B348-4AB1-97F0-382BAA4D2572}.Debug|Any CPU.Build.0 = Debug|Any CPU
		{3520319C-B348-4AB1-97F0-382BAA4D2572}.Release|Any CPU.ActiveCfg = Release|Any CPU
		{3520319C-B348-4AB1-97F0-382BAA4D2572}.Release|Any CPU.Build.0 = Release|Any CPU
		{F432CF64-65A8-4488-8C74-0E2A3EF06EE3}.Debug|Any CPU.ActiveCfg = Debug|Any CPU
		{F432CF64-65A8-4488-8C74-0E2A3EF06EE3}.Debug|Any CPU.Build.0 = Debug|Any CPU
		{F432CF64-65A8-4488-8C74-0E2A3EF06EE3}.Release|Any CPU.ActiveCfg = Release|Any CPU
		{F432CF64-65A8-4488-8C74-0E2A3EF06EE3}.Release|Any CPU.Build.0 = Release|Any CPU
		{5F7C7B48-C9F1-47A8-A489-4F23E70BA10F}.Debug|Any CPU.ActiveCfg = Debug|Any CPU
		{5F7C7B48-C9F1-47A8-A489-4F23E70BA10F}.Debug|Any CPU.Build.0 = Debug|Any CPU
		{5F7C7B48-C9F1-47A8-A489-4F23E70BA10F}.Release|Any CPU.ActiveCfg = Release|Any CPU
		{5F7C7B48-C9F1-47A8-A489-4F23E70BA10F}.Release|Any CPU.Build.0 = Release|Any CPU
		{E913DDBC-7B66-4ACA-92DE-4A953EBE9C39}.Debug|Any CPU.ActiveCfg = Debug|Any CPU
		{E913DDBC-7B66-4ACA-92DE-4A953EBE9C39}.Debug|Any CPU.Build.0 = Debug|Any CPU
		{E913DDBC-7B66-4ACA-92DE-4A953EBE9C39}.Release|Any CPU.ActiveCfg = Release|Any CPU
		{E913DDBC-7B66-4ACA-92DE-4A953EBE9C39}.Release|Any CPU.Build.0 = Release|Any CPU
		{EB081E20-1295-4A7C-ADD1-7EECA01F6FAB}.Debug|Any CPU.ActiveCfg = Debug|Any CPU
		{EB081E20-1295-4A7C-ADD1-7EECA01F6FAB}.Debug|Any CPU.Build.0 = Debug|Any CPU
		{EB081E20-1295-4A7C-ADD1-7EECA01F6FAB}.Release|Any CPU.ActiveCfg = Release|Any CPU
		{EB081E20-1295-4A7C-ADD1-7EECA01F6FAB}.Release|Any CPU.Build.0 = Release|Any CPU
		{D70894A7-1B06-4B4D-8CD5-01E49A031DB1}.Debug|Any CPU.ActiveCfg = Debug|Any CPU
		{D70894A7-1B06-4B4D-8CD5-01E49A031DB1}.Debug|Any CPU.Build.0 = Debug|Any CPU
		{D70894A7-1B06-4B4D-8CD5-01E49A031DB1}.Release|Any CPU.ActiveCfg = Release|Any CPU
		{D70894A7-1B06-4B4D-8CD5-01E49A031DB1}.Release|Any CPU.Build.0 = Release|Any CPU
		{C2A926E1-5465-4F41-B633-59757DD5E461}.Debug|Any CPU.ActiveCfg = Debug|Any CPU
		{C2A926E1-5465-4F41-B633-59757DD5E461}.Debug|Any CPU.Build.0 = Debug|Any CPU
		{C2A926E1-5465-4F41-B633-59757DD5E461}.Release|Any CPU.ActiveCfg = Release|Any CPU
		{C2A926E1-5465-4F41-B633-59757DD5E461}.Release|Any CPU.Build.0 = Release|Any CPU
		{BD0D20AB-8492-401D-8A95-740D550F44E1}.Debug|Any CPU.ActiveCfg = Debug|Any CPU
		{BD0D20AB-8492-401D-8A95-740D550F44E1}.Debug|Any CPU.Build.0 = Debug|Any CPU
		{BD0D20AB-8492-401D-8A95-740D550F44E1}.Release|Any CPU.ActiveCfg = Release|Any CPU
		{BD0D20AB-8492-401D-8A95-740D550F44E1}.Release|Any CPU.Build.0 = Release|Any CPU
		{D4099652-37D8-42F2-AAFE-D032C5B267B1}.Debug|Any CPU.ActiveCfg = Debug|Any CPU
		{D4099652-37D8-42F2-AAFE-D032C5B267B1}.Debug|Any CPU.Build.0 = Debug|Any CPU
		{D4099652-37D8-42F2-AAFE-D032C5B267B1}.Release|Any CPU.ActiveCfg = Release|Any CPU
		{D4099652-37D8-42F2-AAFE-D032C5B267B1}.Release|Any CPU.Build.0 = Release|Any CPU
		{4F4C64FA-66F8-4B14-B484-1FB6EEC7BD85}.Debug|Any CPU.ActiveCfg = Debug|Any CPU
		{4F4C64FA-66F8-4B14-B484-1FB6EEC7BD85}.Debug|Any CPU.Build.0 = Debug|Any CPU
		{4F4C64FA-66F8-4B14-B484-1FB6EEC7BD85}.Release|Any CPU.ActiveCfg = Release|Any CPU
		{4F4C64FA-66F8-4B14-B484-1FB6EEC7BD85}.Release|Any CPU.Build.0 = Release|Any CPU
		{7BF5185E-469F-493B-8533-B8A0DC1A19C8}.Debug|Any CPU.ActiveCfg = Debug|Any CPU
		{7BF5185E-469F-493B-8533-B8A0DC1A19C8}.Debug|Any CPU.Build.0 = Debug|Any CPU
		{7BF5185E-469F-493B-8533-B8A0DC1A19C8}.Release|Any CPU.ActiveCfg = Release|Any CPU
		{7BF5185E-469F-493B-8533-B8A0DC1A19C8}.Release|Any CPU.Build.0 = Release|Any CPU
		{ABF6A041-B490-49C5-9AED-FD51BD64EB30}.Debug|Any CPU.ActiveCfg = Debug|Any CPU
		{ABF6A041-B490-49C5-9AED-FD51BD64EB30}.Debug|Any CPU.Build.0 = Debug|Any CPU
		{ABF6A041-B490-49C5-9AED-FD51BD64EB30}.Release|Any CPU.ActiveCfg = Release|Any CPU
		{ABF6A041-B490-49C5-9AED-FD51BD64EB30}.Release|Any CPU.Build.0 = Release|Any CPU
		{0B7D95F7-1437-4D87-A0FA-68B25B24C40F}.Debug|Any CPU.ActiveCfg = Debug|Any CPU
		{0B7D95F7-1437-4D87-A0FA-68B25B24C40F}.Debug|Any CPU.Build.0 = Debug|Any CPU
		{0B7D95F7-1437-4D87-A0FA-68B25B24C40F}.Release|Any CPU.ActiveCfg = Release|Any CPU
		{0B7D95F7-1437-4D87-A0FA-68B25B24C40F}.Release|Any CPU.Build.0 = Release|Any CPU
		{FE4FDC1E-5DAB-4BE7-8112-82DFE4BFCC55}.Debug|Any CPU.ActiveCfg = Debug|Any CPU
		{FE4FDC1E-5DAB-4BE7-8112-82DFE4BFCC55}.Debug|Any CPU.Build.0 = Debug|Any CPU
		{FE4FDC1E-5DAB-4BE7-8112-82DFE4BFCC55}.Release|Any CPU.ActiveCfg = Release|Any CPU
		{FE4FDC1E-5DAB-4BE7-8112-82DFE4BFCC55}.Release|Any CPU.Build.0 = Release|Any CPU
		{F4AC13D2-8BBB-4ABB-8525-491918E89934}.Debug|Any CPU.ActiveCfg = Debug|Any CPU
		{F4AC13D2-8BBB-4ABB-8525-491918E89934}.Debug|Any CPU.Build.0 = Debug|Any CPU
		{F4AC13D2-8BBB-4ABB-8525-491918E89934}.Release|Any CPU.ActiveCfg = Release|Any CPU
		{F4AC13D2-8BBB-4ABB-8525-491918E89934}.Release|Any CPU.Build.0 = Release|Any CPU
		{83A1E327-F6B3-4136-907C-24BCC6B0E4CF}.Debug|Any CPU.ActiveCfg = Debug|Any CPU
		{83A1E327-F6B3-4136-907C-24BCC6B0E4CF}.Debug|Any CPU.Build.0 = Debug|Any CPU
		{83A1E327-F6B3-4136-907C-24BCC6B0E4CF}.Release|Any CPU.ActiveCfg = Release|Any CPU
		{83A1E327-F6B3-4136-907C-24BCC6B0E4CF}.Release|Any CPU.Build.0 = Release|Any CPU
		{2B51F90C-AF9F-44BA-8A0A-927314299814}.Debug|Any CPU.ActiveCfg = Debug|Any CPU
		{2B51F90C-AF9F-44BA-8A0A-927314299814}.Debug|Any CPU.Build.0 = Debug|Any CPU
		{2B51F90C-AF9F-44BA-8A0A-927314299814}.Release|Any CPU.ActiveCfg = Release|Any CPU
		{2B51F90C-AF9F-44BA-8A0A-927314299814}.Release|Any CPU.Build.0 = Release|Any CPU
		{5DB02128-46ED-411B-BA6D-7A5A5B3D23BE}.Debug|Any CPU.ActiveCfg = Debug|Any CPU
		{5DB02128-46ED-411B-BA6D-7A5A5B3D23BE}.Debug|Any CPU.Build.0 = Debug|Any CPU
		{5DB02128-46ED-411B-BA6D-7A5A5B3D23BE}.Release|Any CPU.ActiveCfg = Release|Any CPU
		{5DB02128-46ED-411B-BA6D-7A5A5B3D23BE}.Release|Any CPU.Build.0 = Release|Any CPU
	EndGlobalSection
	GlobalSection(SolutionProperties) = preSolution
		HideSolutionNode = FALSE
	EndGlobalSection
	GlobalSection(ExtensibilityGlobals) = postSolution
		SolutionGuid = {C3AF928B-7DF1-4271-A3C3-3DEFD1367E44}
	EndGlobalSection
EndGlobal
